{
  "projects": [
    {
      "projectId": "58GpZjZCWTaJ8AUhpCwt2K",
      "version": "3.4.0",
      "dependencies": {},
      "lang": "ts",
      "fileLocks": [
        {
          "assetId": "58GpZjZCWTaJ8AUhpCwt2K",
          "type": "projectCss",
          "checksum": "203eab818de16ff03ef7f22934a9c9f1"
        }
      ],
      "codegenVersion": "0.0.1"
    },
    {
      "projectId": "neKnaqAFQgtkJjtbXthdKd",
      "version": "latest",
      "dependencies": {
        "58GpZjZCWTaJ8AUhpCwt2K": "3.6.0"
      },
      "lang": "ts",
      "fileLocks": [
        {
          "type": "globalVariant",
          "assetId": "W2fpJ_6d-WBvL",
          "checksum": "1dbff61c3c42a021fc1c56fc44e43248"
        },
        {
          "type": "renderModule",
          "assetId": "ObYxGyTLMBD9Z",
          "checksum": "8d9827ff40313a0065db634cacd1e7d7"
        },
        {
          "type": "cssRules",
          "assetId": "ObYxGyTLMBD9Z",
          "checksum": "8d9827ff40313a0065db634cacd1e7d7"
        },
        {
          "type": "renderModule",
          "assetId": "-5kvBjMJU6nse",
          "checksum": "ebc9fb3be006457d11db0a995ab6aac6"
        },
        {
          "type": "cssRules",
          "assetId": "-5kvBjMJU6nse",
          "checksum": "ebc9fb3be006457d11db0a995ab6aac6"
        },
        {
          "type": "renderModule",
          "assetId": "LYimf7BcZyc4G",
          "checksum": "e428f05a575425ae39f958ab3ea28ea7"
        },
        {
          "type": "cssRules",
          "assetId": "LYimf7BcZyc4G",
          "checksum": "e428f05a575425ae39f958ab3ea28ea7"
        },
        {
          "type": "renderModule",
          "assetId": "BA2F0F7GwETKN",
          "checksum": "58bd484fefda20ca5d6b6af01cd3bad8"
        },
        {
          "type": "cssRules",
          "assetId": "BA2F0F7GwETKN",
          "checksum": "58bd484fefda20ca5d6b6af01cd3bad8"
        },
        {
          "type": "renderModule",
          "assetId": "TmMHvKz8624iV",
          "checksum": "08b2b99583311cc0ce81c19c01ba7cff"
        },
        {
          "type": "cssRules",
          "assetId": "TmMHvKz8624iV",
          "checksum": "08b2b99583311cc0ce81c19c01ba7cff"
        },
        {
          "type": "renderModule",
          "assetId": "GEPIXA075Fn-g",
          "checksum": "83b72193e8d60351a27cdb0718b9645e"
        },
        {
          "type": "cssRules",
          "assetId": "GEPIXA075Fn-g",
          "checksum": "83b72193e8d60351a27cdb0718b9645e"
        },
        {
          "type": "renderModule",
          "assetId": "_oRzGL_a2z00t",
          "checksum": "a27676ed33b264f10218157322729188"
        },
        {
          "type": "cssRules",
          "assetId": "_oRzGL_a2z00t",
          "checksum": "a27676ed33b264f10218157322729188"
        },
        {
          "type": "icon",
          "assetId": "QIFkDJ_ce_gClo",
          "checksum": "5db2a927c0830d43050ab7672fb0c0c1"
        },
        {
          "type": "icon",
          "assetId": "wIv3yetKUg72by",
          "checksum": "0b88a06c8b721e63487cc50077eec5f7"
        },
        {
          "type": "icon",
          "assetId": "9x2RT-jPTsI_B4",
          "checksum": "3c3ccb7b113c85b9920fd4e9d0b4ed74"
        },
        {
          "type": "image",
          "assetId": "qWuRwWiv9lBu4M",
          "checksum": "3cd0c7d6197963bb0f39a763d6dd1e0f"
        },
        {
          "type": "image",
          "assetId": "xJ1YuS0U87ZcpE",
          "checksum": "b04659691259e12dd0f059ee7259f57a"
        },
        {
          "type": "renderModule",
          "assetId": "ODTH0GNSW1H",
          "checksum": "8c0af10c8b7d9c29a8cdc383d156610e"
        },
        {
          "type": "cssRules",
          "assetId": "ODTH0GNSW1H",
          "checksum": "8c0af10c8b7d9c29a8cdc383d156610e"
        },
        {
          "type": "renderModule",
          "assetId": "Id1pWwT1rv",
          "checksum": "9ff98fd3bea9f1730c70e11fe212a93d"
        },
        {
          "type": "cssRules",
          "assetId": "Id1pWwT1rv",
          "checksum": "9ff98fd3bea9f1730c70e11fe212a93d"
        },
        {
          "type": "renderModule",
          "assetId": "5OgwKt-TBxM",
          "checksum": "c9d0f86faeb43c943301a2cc3f09e164"
        },
        {
          "type": "cssRules",
          "assetId": "5OgwKt-TBxM",
          "checksum": "c9d0f86faeb43c943301a2cc3f09e164"
        },
        {
          "type": "image",
          "assetId": "xXl-4wHnk",
          "checksum": "6042ec9d250f90d956de18733db866a1"
        },
        {
          "type": "renderModule",
          "assetId": "XTZgJz7paK",
          "checksum": "a8c2f287e7f371e81c0019387ad07a76"
        },
        {
          "type": "cssRules",
          "assetId": "XTZgJz7paK",
          "checksum": "a8c2f287e7f371e81c0019387ad07a76"
        },
        {
          "type": "image",
          "assetId": "CZfMHjxm0",
          "checksum": "e812ea80f84f3621848e26fb8b33b0dc"
        },
        {
          "assetId": "neKnaqAFQgtkJjtbXthdKd",
          "type": "projectCss",
          "checksum": "8bbbcbb9674363356728fcbddb6f3c82"
        }
      ],
      "codegenVersion": "0.0.1"
    }
  ],
  "cliVersion": "0.1.186"
}
